// !$*UTF8*$!
{
	archiveVersion = 1;
	classes = {
	};
	objectVersion = 50;
	objects = {

/* Begin PBXBuildFile section */
		DD64089C232AA7AE00D04BD8 /* AppDelegate.swift in Sources */ = {isa = PBXBuildFile; fileRef = DD64089B232AA7AE00D04BD8 /* AppDelegate.swift */; };
		DD64089E232AA7AE00D04BD8 /* ViewController.swift in Sources */ = {isa = PBXBuildFile; fileRef = DD64089D232AA7AE00D04BD8 /* ViewController.swift */; };
		DD6408A1232AA7AE00D04BD8 /* Main.storyboard in Resources */ = {isa = PBXBuildFile; fileRef = DD64089F232AA7AE00D04BD8 /* Main.storyboard */; };
		DD6408A3232AA7B000D04BD8 /* Assets.xcassets in Resources */ = {isa = PBXBuildFile; fileRef = DD6408A2232AA7B000D04BD8 /* Assets.xcassets */; };
		DD6408A6232AA7B000D04BD8 /* LaunchScreen.storyboard in Resources */ = {isa = PBXBuildFile; fileRef = DD6408A4232AA7B000D04BD8 /* LaunchScreen.storyboard */; };
/* End PBXBuildFile section */

/* Begin PBXContainerItemProxy section */
		DD6408AD232AA7B000D04BD8 /* PBXContainerItemProxy */ = {
			isa = PBXContainerItemProxy;
			containerPortal = DD640890232AA7AE00D04BD8 /* Project object */;
			proxyType = 1;
			remoteGlobalIDString = DD640897232AA7AE00D04BD8;
			remoteInfo = GitUseExample;
		};
		DD6408B8232AA7B000D04BD8 /* PBXContainerItemProxy */ = {
			isa = PBXContainerItemProxy;
			containerPortal = DD640890232AA7AE00D04BD8 /* Project object */;
			proxyType = 1;
			remoteGlobalIDString = DD640897232AA7AE00D04BD8;
			remoteInfo = GitUseExample;
		};
/* End PBXContainerItemProxy section */

/* Begin PBXFileReference section */
		DD640898232AA7AE00D04BD8 /* GitUseExample.app */ = {isa = PBXFileReference; explicitFileType = wrapper.application; includeInIndex = 0; path = GitUseExample.app; sourceTree = BUILT_PRODUCTS_DIR; };
		DD64089B232AA7AE00D04BD8 /* AppDelegate.swift */ = {isa = PBXFileReference; lastKnownFileType = sourcecode.swift; path = AppDelegate.swift; sourceTree = "<group>"; };
		DD64089D232AA7AE00D04BD8 /* ViewController.swift */ = {isa = PBXFileReference; lastKnownFileType = sourcecode.swift; path = ViewController.swift; sourceTree = "<group>"; };
		DD6408A0232AA7AE00D04BD8 /* Base */ = {isa = PBXFileReference; lastKnownFileType = file.storyboard; name = Base; path = Base.lproj/Main.storyboard; sourceTree = "<group>"; };
		DD6408A2232AA7B000D04BD8 /* Assets.xcassets */ = {isa = PBXFileReference; lastKnownFileType = folder.assetcatalog; path = Assets.xcassets; sourceTree = "<group>"; };
		DD6408A5232AA7B000D04BD8 /* Base */ = {isa = PBXFileReference; lastKnownFileType = file.storyboard; name = Base; path = Base.lproj/LaunchScreen.storyboard; sourceTree = "<group>"; };
		DD6408A7232AA7B000D04BD8 /* Info.plist */ = {isa = PBXFileReference; lastKnownFileType = text.plist.xml; path = Info.plist; sourceTree = "<group>"; };
		DD6408AC232AA7B000D04BD8 /* GitUseExampleTests.xctest */ = {isa = PBXFileReference; explicitFileType = wrapper.cfbundle; includeInIndex = 0; path = GitUseExampleTests.xctest; sourceTree = BUILT_PRODUCTS_DIR; };
		DD6408B7232AA7B000D04BD8 /* GitUseExampleUITests.xctest */ = {isa = PBXFileReference; explicitFileType = wrapper.cfbundle; includeInIndex = 0; path = GitUseExampleUITests.xctest; sourceTree = BUILT_PRODUCTS_DIR; };
/* End PBXFileReference section */

/* Begin PBXFrameworksBuildPhase section */
		DD640895232AA7AE00D04BD8 /* Frameworks */ = {
			isa = PBXFrameworksBuildPhase;
			buildActionMask = 2147483647;
			files = (
			);
			runOnlyForDeploymentPostprocessing = 0;
		};
		DD6408A9232AA7B000D04BD8 /* Frameworks */ = {
			isa = PBXFrameworksBuildPhase;
			buildActionMask = 2147483647;
			files = (
			);
			runOnlyForDeploymentPostprocessing = 0;
		};
		DD6408B4232AA7B000D04BD8 /* Frameworks */ = {
			isa = PBXFrameworksBuildPhase;
			buildActionMask = 2147483647;
			files = (
			);
			runOnlyForDeploymentPostprocessing = 0;
		};
/* End PBXFrameworksBuildPhase section */

/* Begin PBXGroup section */
		DD64088F232AA7AE00D04BD8 = {
			isa = PBXGroup;
			children = (
				DD64089A232AA7AE00D04BD8 /* GitUseExample */,
				DD640899232AA7AE00D04BD8 /* Products */,
			);
			sourceTree = "<group>";
		};
		DD640899232AA7AE00D04BD8 /* Products */ = {
			isa = PBXGroup;
			children = (
				DD640898232AA7AE00D04BD8 /* GitUseExample.app */,
				DD6408AC232AA7B000D04BD8 /* GitUseExampleTests.xctest */,
				DD6408B7232AA7B000D04BD8 /* GitUseExampleUITests.xctest */,
			);
			name = Products;
			sourceTree = "<group>";
		};
		DD64089A232AA7AE00D04BD8 /* GitUseExample */ = {
			isa = PBXGroup;
			children = (
				DD64089B232AA7AE00D04BD8 /* AppDelegate.swift */,
				DD64089D232AA7AE00D04BD8 /* ViewController.swift */,
				DD64089F232AA7AE00D04BD8 /* Main.storyboard */,
				DD6408A2232AA7B000D04BD8 /* Assets.xcassets */,
				DD6408A4232AA7B000D04BD8 /* LaunchScreen.storyboard */,
				DD6408A7232AA7B000D04BD8 /* Info.plist */,
			);
			path = GitUseExample;
			sourceTree = "<group>";
		};
/* End PBXGroup section */

/* Begin PBXNativeTarget section */
		DD640897232AA7AE00D04BD8 /* GitUseExample */ = {
			isa = PBXNativeTarget;
			buildConfigurationList = DD6408C0232AA7B000D04BD8 /* Build configuration list for PBXNativeTarget "GitUseExample" */;
			buildPhases = (
				DD640894232AA7AE00D04BD8 /* Sources */,
				DD640895232AA7AE00D04BD8 /* Frameworks */,
				DD640896232AA7AE00D04BD8 /* Resources */,
			);
			buildRules = (
			);
			dependencies = (
			);
			name = GitUseExample;
			productName = GitUseExample;
			productReference = DD640898232AA7AE00D04BD8 /* GitUseExample.app */;
			productType = "com.apple.product-type.application";
		};
		DD6408AB232AA7B000D04BD8 /* GitUseExampleTests */ = {
			isa = PBXNativeTarget;
			buildConfigurationList = DD6408C3232AA7B000D04BD8 /* Build configuration list for PBXNativeTarget "GitUseExampleTests" */;
			buildPhases = (
				DD6408A8232AA7B000D04BD8 /* Sources */,
				DD6408A9232AA7B000D04BD8 /* Frameworks */,
				DD6408AA232AA7B000D04BD8 /* Resources */,
			);
			buildRules = (
			);
			dependencies = (
				DD6408AE232AA7B000D04BD8 /* PBXTargetDependency */,
			);
			name = GitUseExampleTests;
			productName = GitUseExampleTests;
			productReference = DD6408AC232AA7B000D04BD8 /* GitUseExampleTests.xctest */;
			productType = "com.apple.product-type.bundle.unit-test";
		};
		DD6408B6232AA7B000D04BD8 /* GitUseExampleUITests */ = {
			isa = PBXNativeTarget;
			buildConfigurationList = DD6408C6232AA7B000D04BD8 /* Build configuration list for PBXNativeTarget "GitUseExampleUITests" */;
			buildPhases = (
				DD6408B3232AA7B000D04BD8 /* Sources */,
				DD6408B4232AA7B000D04BD8 /* Frameworks */,
				DD6408B5232AA7B000D04BD8 /* Resources */,
			);
			buildRules = (
			);
			dependencies = (
				DD6408B9232AA7B000D04BD8 /* PBXTargetDependency */,
			);
			name = GitUseExampleUITests;
			productName = GitUseExampleUITests;
			productReference = DD6408B7232AA7B000D04BD8 /* GitUseExampleUITests.xctest */;
			productType = "com.apple.product-type.bundle.ui-testing";
		};
/* End PBXNativeTarget section */

/* Begin PBXProject section */
		DD640890232AA7AE00D04BD8 /* Project object */ = {
			isa = PBXProject;
			attributes = {
				LastSwiftUpdateCheck = 1030;
				LastUpgradeCheck = 1030;
				ORGANIZATIONNAME = "Nathan Church";
				TargetAttributes = {
					DD640897232AA7AE00D04BD8 = {
						CreatedOnToolsVersion = 10.3;
					};
					DD6408AB232AA7B000D04BD8 = {
						CreatedOnToolsVersion = 10.3;
						TestTargetID = DD640897232AA7AE00D04BD8;
					};
					DD6408B6232AA7B000D04BD8 = {
						CreatedOnToolsVersion = 10.3;
						TestTargetID = DD640897232AA7AE00D04BD8;
					};
				};
			};
			buildConfigurationList = DD640893232AA7AE00D04BD8 /* Build configuration list for PBXProject "GitUseExample" */;
			compatibilityVersion = "Xcode 9.3";
			developmentRegion = en;
			hasScannedForEncodings = 0;
			knownRegions = (
				en,
				Base,
			);
			mainGroup = DD64088F232AA7AE00D04BD8;
			productRefGroup = DD640899232AA7AE00D04BD8 /* Products */;
			projectDirPath = "";
			projectRoot = "";
			targets = (
				DD640897232AA7AE00D04BD8 /* GitUseExample */,
				DD6408AB232AA7B000D04BD8 /* GitUseExampleTests */,
				DD6408B6232AA7B000D04BD8 /* GitUseExampleUITests */,
			);
		};
/* End PBXProject section */

/* Begin PBXResourcesBuildPhase section */
		DD640896232AA7AE00D04BD8 /* Resources */ = {
			isa = PBXResourcesBuildPhase;
			buildActionMask = 2147483647;
			files = (
				DD6408A6232AA7B000D04BD8 /* LaunchScreen.storyboard in Resources */,
				DD6408A3232AA7B000D04BD8 /* Assets.xcassets in Resources */,
				DD6408A1232AA7AE00D04BD8 /* Main.storyboard in Resources */,
			);
			runOnlyForDeploymentPostprocessing = 0;
		};
		DD6408AA232AA7B000D04BD8 /* Resources */ = {
			isa = PBXResourcesBuildPhase;
			buildActionMask = 2147483647;
			files = (
			);
			runOnlyForDeploymentPostprocessing = 0;
		};
		DD6408B5232AA7B000D04BD8 /* Resources */ = {
			isa = PBXResourcesBuildPhase;
			buildActionMask = 2147483647;
			files = (
			);
			runOnlyForDeploymentPostprocessing = 0;
		};
/* End PBXResourcesBuildPhase section */

/* Begin PBXSourcesBuildPhase section */
		DD640894232AA7AE00D04BD8 /* Sources */ = {
			isa = PBXSourcesBuildPhase;
			buildActionMask = 2147483647;
			files = (
				DD64089E232AA7AE00D04BD8 /* ViewController.swift in Sources */,
				DD64089C232AA7AE00D04BD8 /* AppDelegate.swift in Sources */,
			);
			runOnlyForDeploymentPostprocessing = 0;
		};
		DD6408A8232AA7B000D04BD8 /* Sources */ = {
			isa = PBXSourcesBuildPhase;
			buildActionMask = 2147483647;
			files = (
			);
			runOnlyForDeploymentPostprocessing = 0;
		};
		DD6408B3232AA7B000D04BD8 /* Sources */ = {
			isa = PBXSourcesBuildPhase;
			buildActionMask = 2147483647;
			files = (
			);
			runOnlyForDeploymentPostprocessing = 0;
		};
/* End PBXSourcesBuildPhase section */

/* Begin PBXTargetDependency section */
		DD6408AE232AA7B000D04BD8 /* PBXTargetDependency */ = {
			isa = PBXTargetDependency;
			target = DD640897232AA7AE00D04BD8 /* GitUseExample */;
			targetProxy = DD6408AD232AA7B000D04BD8 /* PBXContainerItemProxy */;
		};
		DD6408B9232AA7B000D04BD8 /* PBXTargetDependency */ = {
			isa = PBXTargetDependency;
			target = DD640897232AA7AE00D04BD8 /* GitUseExample */;
			targetProxy = DD6408B8232AA7B000D04BD8 /* PBXContainerItemProxy */;
		};
/* End PBXTargetDependency section */

/* Begin PBXVariantGroup section */
		DD64089F232AA7AE00D04BD8 /* Main.storyboard */ = {
			isa = PBXVariantGroup;
			children = (
				DD6408A0232AA7AE00D04BD8 /* Base */,
			);
			name = Main.storyboard;
			sourceTree = "<group>";
		};
		DD6408A4232AA7B000D04BD8 /* LaunchScreen.storyboard */ = {
			isa = PBXVariantGroup;
			children = (
				DD6408A5232AA7B000D04BD8 /* Base */,
			);
			name = LaunchScreen.storyboard;
			sourceTree = "<group>";
		};
/* End PBXVariantGroup section */

/* Begin XCBuildConfiguration section */
		DD6408BE232AA7B000D04BD8 /* Debug */ = {
			isa = XCBuildConfiguration;
			buildSettings = {
				ALWAYS_SEARCH_USER_PATHS = NO;
				CLANG_ANALYZER_NONNULL = YES;
				CLANG_ANALYZER_NUMBER_OBJECT_CONVERSION = YES_AGGRESSIVE;
				CLANG_CXX_LANGUAGE_STANDARD = "gnu++14";
				CLANG_CXX_LIBRARY = "libc++";
				CLANG_ENABLE_MODULES = YES;
				CLANG_ENABLE_OBJC_ARC = YES;
				CLANG_ENABLE_OBJC_WEAK = YES;
				CLANG_WARN_BLOCK_CAPTURE_AUTORELEASING = YES;
				CLANG_WARN_BOOL_CONVERSION = YES;
				CLANG_WARN_COMMA = YES;
				CLANG_WARN_CONSTANT_CONVERSION = YES;
				CLANG_WARN_DEPRECATED_OBJC_IMPLEMENTATIONS = YES;
				CLANG_WARN_DIRECT_OBJC_ISA_USAGE = YES_ERROR;
				CLANG_WARN_DOCUMENTATION_COMMENTS = YES;
				CLANG_WARN_EMPTY_BODY = YES;
				CLANG_WARN_ENUM_CONVERSION = YES;
				CLANG_WARN_INFINITE_RECURSION = YES;
				CLANG_WARN_INT_CONVERSION = YES;
				CLANG_WARN_NON_LITERAL_NULL_CONVERSION = YES;
				CLANG_WARN_OBJC_IMPLICIT_RETAIN_SELF = YES;
				CLANG_WARN_OBJC_LITERAL_CONVERSION = YES;
				CLANG_WARN_OBJC_ROOT_CLASS = YES_ERROR;
				CLANG_WARN_RANGE_LOOP_ANALYSIS = YES;
				CLANG_WARN_STRICT_PROTOTYPES = YES;
				CLANG_WARN_SUSPICIOUS_MOVE = YES;
				CLANG_WARN_UNGUARDED_AVAILABILITY = YES_AGGRESSIVE;
				CLANG_WARN_UNREACHABLE_CODE = YES;
				CLANG_WARN__DUPLICATE_METHOD_MATCH = YES;
				CODE_SIGN_IDENTITY = "iPhone Developer";
				COPY_PHASE_STRIP = NO;
				DEBUG_INFORMATION_FORMAT = dwarf;
				ENABLE_STRICT_OBJC_MSGSEND = YES;
				ENABLE_TESTABILITY = YES;
				GCC_C_LANGUAGE_STANDARD = gnu11;
				GCC_DYNAMIC_NO_PIC = NO;
				GCC_NO_COMMON_BLOCKS = YES;
				GCC_OPTIMIZATION_LEVEL = 0;
				GCC_PREPROCESSOR_DEFINITIONS = (
					"DEBUG=1",
					"$(inherited)",
				);
				GCC_WARN_64_TO_32_BIT_CONVERSION = YES;
				GCC_WARN_ABOUT_RETURN_TYPE = YES_ERROR;
				GCC_WARN_UNDECLARED_SELECTOR = YES;
				GCC_WARN_UNINITIALIZED_AUTOS = YES_AGGRESSIVE;
				GCC_WARN_UNUSED_FUNCTION = YES;
				GCC_WARN_UNUSED_VARIABLE = YES;
				IPHONEOS_DEPLOYMENT_TARGET = 12.4;
				MTL_ENABLE_DEBUG_INFO = INCLUDE_SOURCE;
				MTL_FAST_MATH = YES;
				ONLY_ACTIVE_ARCH = YES;
				SDKROOT = iphoneos;
				SWIFT_ACTIVE_COMPILATION_CONDITIONS = DEBUG;
				SWIFT_OPTIMIZATION_LEVEL = "-Onone";
			};
			name = Debug;
		};
		DD6408BF232AA7B000D04BD8 /* Release */ = {
			isa = XCBuildConfiguration;
			buildSettings = {
				ALWAYS_SEARCH_USER_PATHS = NO;
				CLANG_ANALYZER_NONNULL = YES;
				CLANG_ANALYZER_NUMBER_OBJECT_CONVERSION = YES_AGGRESSIVE;
				CLANG_CXX_LANGUAGE_STANDARD = "gnu++14";
				CLANG_CXX_LIBRARY = "libc++";
				CLANG_ENABLE_MODULES = YES;
				CLANG_ENABLE_OBJC_ARC = YES;
				CLANG_ENABLE_OBJC_WEAK = YES;
				CLANG_WARN_BLOCK_CAPTURE_AUTORELEASING = YES;
				CLANG_WARN_BOOL_CONVERSION = YES;
				CLANG_WARN_COMMA = YES;
				CLANG_WARN_CONSTANT_CONVERSION = YES;
				CLANG_WARN_DEPRECATED_OBJC_IMPLEMENTATIONS = YES;
				CLANG_WARN_DIRECT_OBJC_ISA_USAGE = YES_ERROR;
				CLANG_WARN_DOCUMENTATION_COMMENTS = YES;
				CLANG_WARN_EMPTY_BODY = YES;
				CLANG_WARN_ENUM_CONVERSION = YES;
				CLANG_WARN_INFINITE_RECURSION = YES;
				CLANG_WARN_INT_CONVERSION = YES;
				CLANG_WARN_NON_LITERAL_NULL_CONVERSION = YES;
				CLANG_WARN_OBJC_IMPLICIT_RETAIN_SELF = YES;
				CLANG_WARN_OBJC_LITERAL_CONVERSION = YES;
				CLANG_WARN_OBJC_ROOT_CLASS = YES_ERROR;
				CLANG_WARN_RANGE_LOOP_ANALYSIS = YES;
				CLANG_WARN_STRICT_PROTOTYPES = YES;
				CLANG_WARN_SUSPICIOUS_MOVE = YES;
				CLANG_WARN_UNGUARDED_AVAILABILITY = YES_AGGRESSIVE;
				CLANG_WARN_UNREACHABLE_CODE = YES;
				CLANG_WARN__DUPLICATE_METHOD_MATCH = YES;
				CODE_SIGN_IDENTITY = "iPhone Developer";
				COPY_PHASE_STRIP = NO;
				DEBUG_INFORMATION_FORMAT = "dwarf-with-dsym";
				ENABLE_NS_ASSERTIONS = NO;
				ENABLE_STRICT_OBJC_MSGSEND = YES;
				GCC_C_LANGUAGE_STANDARD = gnu11;
				GCC_NO_COMMON_BLOCKS = YES;
				GCC_WARN_64_TO_32_BIT_CONVERSION = YES;
				GCC_WARN_ABOUT_RETURN_TYPE = YES_ERROR;
				GCC_WARN_UNDECLARED_SELECTOR = YES;
				GCC_WARN_UNINITIALIZED_AUTOS = YES_AGGRESSIVE;
				GCC_WARN_UNUSED_FUNCTION = YES;
				GCC_WARN_UNUSED_VARIABLE = YES;
				IPHONEOS_DEPLOYMENT_TARGET = 12.4;
				MTL_ENABLE_DEBUG_INFO = NO;
				MTL_FAST_MATH = YES;
				SDKROOT = iphoneos;
				SWIFT_COMPILATION_MODE = wholemodule;
				SWIFT_OPTIMIZATION_LEVEL = "-O";
				VALIDATE_PRODUCT = YES;
			};
			name = Release;
		};
		DD6408C1232AA7B000D04BD8 /* Debug */ = {
			isa = XCBuildConfiguration;
			buildSettings = {
				ASSETCATALOG_COMPILER_APPICON_NAME = AppIcon;
				CODE_SIGN_STYLE = Automatic;
				DEVELOPMENT_TEAM = BH9BS3QV7C;
				INFOPLIST_FILE = GitUseExample/Info.plist;
				LD_RUNPATH_SEARCH_PATHS = (
					"$(inherited)",
					"@executable_path/Frameworks",
				);
				PRODUCT_BUNDLE_IDENTIFIER = ndch225.GitUseExample;
				PRODUCT_NAME = "$(TARGET_NAME)";
				SWIFT_VERSION = 5.0;
				TARGETED_DEVICE_FAMILY = "1,2";
			};
			name = Debug;
		};
		DD6408C2232AA7B000D04BD8 /* Release */ = {
			isa = XCBuildConfiguration;
			buildSettings = {
				ASSETCATALOG_COMPILER_APPICON_NAME = AppIcon;
				CODE_SIGN_STYLE = Automatic;
				DEVELOPMENT_TEAM = BH9BS3QV7C;
				INFOPLIST_FILE = GitUseExample/Info.plist;
				LD_RUNPATH_SEARCH_PATHS = (
					"$(inherited)",
					"@executable_path/Frameworks",
				);
				PRODUCT_BUNDLE_IDENTIFIER = ndch225.GitUseExample;
				PRODUCT_NAME = "$(TARGET_NAME)";
				SWIFT_VERSION = 5.0;
				TARGETED_DEVICE_FAMILY = "1,2";
			};
			name = Release;
		};
		DD6408C4232AA7B000D04BD8 /* Debug */ = {
			isa = XCBuildConfiguration;
			buildSettings = {
				ALWAYS_EMBED_SWIFT_STANDARD_LIBRARIES = YES;
				BUNDLE_LOADER = "$(TEST_HOST)";
				CODE_SIGN_STYLE = Automatic;
				DEVELOPMENT_TEAM = BH9BS3QV7C;
				INFOPLIST_FILE = GitUseExampleTests/Info.plist;
				LD_RUNPATH_SEARCH_PATHS = (
					"$(inherited)",
					"@executable_path/Frameworks",
					"@loader_path/Frameworks",
				);
				PRODUCT_BUNDLE_IDENTIFIER = ndch225.GitUseExampleTests;
				PRODUCT_NAME = "$(TARGET_NAME)";
				SWIFT_VERSION = 5.0;
				TARGETED_DEVICE_FAMILY = "1,2";
				TEST_HOST = "$(BUILT_PRODUCTS_DIR)/GitUseExample.app/GitUseExample";
			};
			name = Debug;
		};
		DD6408C5232AA7B000D04BD8 /* Release */ = {
			isa = XCBuildConfiguration;
			buildSettings = {
				ALWAYS_EMBED_SWIFT_STANDARD_LIBRARIES = YES;
				BUNDLE_LOADER = "$(TEST_HOST)";
				CODE_SIGN_STYLE = Automatic;
				DEVELOPMENT_TEAM = BH9BS3QV7C;
				INFOPLIST_FILE = GitUseExampleTests/Info.plist;
				LD_RUNPATH_SEARCH_PATHS = (
					"$(inherited)",
					"@executable_path/Frameworks",
					"@loader_path/Frameworks",
				);
				PRODUCT_BUNDLE_IDENTIFIER = ndch225.GitUseExampleTests;
				PRODUCT_NAME = "$(TARGET_NAME)";
				SWIFT_VERSION = 5.0;
				TARGETED_DEVICE_FAMILY = "1,2";
				TEST_HOST = "$(BUILT_PRODUCTS_DIR)/GitUseExample.app/GitUseExample";
			};
			name = Release;
		};
		DD6408C7232AA7B000D04BD8 /* Debug */ = {
			isa = XCBuildConfiguration;
			buildSettings = {
				ALWAYS_EMBED_SWIFT_STANDARD_LIBRARIES = YES;
				CODE_SIGN_STYLE = Automatic;
				DEVELOPMENT_TEAM = BH9BS3QV7C;
				INFOPLIST_FILE = GitUseExampleUITests/Info.plist;
				LD_RUNPATH_SEARCH_PATHS = (
					"$(inherited)",
					"@executable_path/Frameworks",
					"@loader_path/Frameworks",
				);
				PRODUCT_BUNDLE_IDENTIFIER = ndch225.GitUseExampleUITests;
				PRODUCT_NAME = "$(TARGET_NAME)";
				SWIFT_VERSION = 5.0;
				TARGETED_DEVICE_FAMILY = "1,2";
				TEST_TARGET_NAME = GitUseExample;
			};
			name = Debug;
		};
		DD6408C8232AA7B000D04BD8 /* Release */ = {
			isa = XCBuildConfiguration;
			buildSettings = {
				ALWAYS_EMBED_SWIFT_STANDARD_LIBRARIES = YES;
				CODE_SIGN_STYLE = Automatic;
				DEVELOPMENT_TEAM = BH9BS3QV7C;
				INFOPLIST_FILE = GitUseExampleUITests/Info.plist;
				LD_RUNPATH_SEARCH_PATHS = (
					"$(inherited)",
					"@executable_path/Frameworks",
					"@loader_path/Frameworks",
				);
				PRODUCT_BUNDLE_IDENTIFIER = ndch225.GitUseExampleUITests;
				PRODUCT_NAME = "$(TARGET_NAME)";
				SWIFT_VERSION = 5.0;
				TARGETED_DEVICE_FAMILY = "1,2";
				TEST_TARGET_NAME = GitUseExample;
			};
			name = Release;
		};
/* End XCBuildConfiguration section */

/* Begin XCConfigurationList section */
		DD640893232AA7AE00D04BD8 /* Build configuration list for PBXProject "GitUseExample" */ = {
			isa = XCConfigurationList;
			buildConfigurations = (
				DD6408BE232AA7B000D04BD8 /* Debug */,
				DD6408BF232AA7B000D04BD8 /* Release */,
			);
			defaultConfigurationIsVisible = 0;
			defaultConfigurationName = Release;
		};
		DD6408C0232AA7B000D04BD8 /* Build configuration list for PBXNativeTarget "GitUseExample" */ = {
			isa = XCConfigurationList;
			buildConfigurations = (
				DD6408C1232AA7B000D04BD8 /* Debug */,
				DD6408C2232AA7B000D04BD8 /* Release */,
			);
			defaultConfigurationIsVisible = 0;
			defaultConfigurationName = Release;
		};
		DD6408C3232AA7B000D04BD8 /* Build configuration list for PBXNativeTarget "GitUseExampleTests" */ = {
			isa = XCConfigurationList;
			buildConfigurations = (
				DD6408C4232AA7B000D04BD8 /* Debug */,
				DD6408C5232AA7B000D04BD8 /* Release */,
			);
			defaultConfigurationIsVisible = 0;
			defaultConfigurationName = Release;
		};
		DD6408C6232AA7B000D04BD8 /* Build configuration list for PBXNativeTarget "GitUseExampleUITests" */ = {
			isa = XCConfigurationList;
			buildConfigurations = (
				DD6408C7232AA7B000D04BD8 /* Debug */,
				DD6408C8232AA7B000D04BD8 /* Release */,
			);
			defaultConfigurationIsVisible = 0;
			defaultConfigurationName = Release;
		};
/* End XCConfigurationList section */
	};
	rootObject = DD640890232AA7AE00D04BD8 /* Project object */;
}
